
Microsoft Visual Studio Solution File, Format Version 12.00
# Visual Studio Version 16
VisualStudioVersion = 16.0.29020.237
MinimumVisualStudioVersion = 10.0.40219.1
Project("{FAE04EC0-301F-11D3-BF4B-00C04F79EFBC}") = "CS.Itself.Indexer", "CS.Itself.Indexer\CS.Itself.Indexer.csproj", "{2B6E0137-5D11-4103-909D-E6362D36A442}"
EndProject
Global
	GlobalSection(SolutionConfigurationPlatforms) = preSolution
		Debug|Any CPU = Debug|Any CPU
		Release|Any CPU = Release|Any CPU
	EndGlobalSection
	GlobalSection(ProjectConfigurationPlatforms) = postSolution
		{2B6E0137-5D11-4103-909D-E6362D36A442}.Debug|Any CPU.ActiveCfg = Debug|Any CPU
		{2B6E0137-5D11-4103-909D-E6362D36A442}.Debug|Any CPU.Build.0 = Debug|Any CPU
		{2B6E0137-5D11-4103-909D-E6362D36A442}.Release|Any CPU.ActiveCfg = Release|Any CPU
		{2B6E0137-5D11-4103-909D-E6362D36A442}.Release|Any CPU.Build.0 = Release|Any CPU
	EndGlobalSection
	GlobalSection(SolutionProperties) = preSolution
		HideSolutionNode = FALSE
	EndGlobalSection
	GlobalSection(ExtensibilityGlobals) = postSolution
		SolutionGuid = {64781EFA-6647-4017-8582-728496B63051}
	EndGlobalSection
EndGlobal
